
Microsoft Visual Studio Solution File, Format Version 12.00
# Visual Studio Version 17
VisualStudioVersion = 17.10.35013.160
MinimumVisualStudioVersion = 10.0.40219.1
Project("{888888A0-9F3D-457C-B088-3A5042F75D52}") = "PythonApplication34", "PythonApplication34\PythonApplication34.pyproj", "{79657D82-30FA-4218-AF74-6AAD19B2BAAF}"
EndProject
Global
	GlobalSection(SolutionConfigurationPlatforms) = preSolution
		Debug|Any CPU = Debug|Any CPU
		Release|Any CPU = Release|Any CPU
	EndGlobalSection
	GlobalSection(ProjectConfigurationPlatforms) = postSolution
		{79657D82-30FA-4218-AF74-6AAD19B2BAAF}.Debug|Any CPU.ActiveCfg = Debug|Any CPU
		{79657D82-30FA-4218-AF74-6AAD19B2BAAF}.Release|Any CPU.ActiveCfg = Release|Any CPU
	EndGlobalSection
	GlobalSection(SolutionProperties) = preSolution
		HideSolutionNode = FALSE
	EndGlobalSection
	GlobalSection(ExtensibilityGlobals) = postSolution
		SolutionGuid = {6FE2F236-B155-4DB1-AC45-058BCE213ED9}
	EndGlobalSection
EndGlobal
