
     
 














table = []                                                                                       #0 create table



inputs = input("enter side length")                                                              #1.ask for input


if inputs.isdigit():                                                                             #2. is input a digit?
     

        table.append(inputs)                                                                              #3. append input to table

        inputs == input("enter side length")                                                            #1.ask for input
        
        if inputs.isdigit():                                                                            #is input a digit?
     

            table.append(inputs)                                                                              #2. append input to table

            inputs == input("enter side length")                                                            #1 ask for input

             
            if inputs.isdigit():                                                                   #is input a digit?
     

             table.append(inputs)                                                                 #append inpu tto table





else:
    print("input is not a digit") 
     
     

for number in table:
      print("for loop ran")
      print(f"number is {number}")
      print(f"table is {table}")
      print(f"isinstance(number, int) is {isinstance(number, int)}")
    
      if isinstance(number, int) and number == table[1] and number == table[2] :
          print("triangle is equilateral")
          break
      if isinstance(number, int) and number == table[1]:
          print("triangle is isoceles")
          break
      if isinstance(number,int) and number == table[2]:
          print("triangle is isoceles")
          break
      if isinstance(number, int) and number != table[1] and number != table[2]:
          print("triangle is scalene")
          break
 
    

